// !$*UTF8*$!
{
	archiveVersion = 1;
	classes = {
	};
	objectVersion = 55;
	objects = {

/* Begin PBXBuildFile section */
		550A6F307562855ED9B50341 /* Pods_Messenger.framework in Frameworks */ = {isa = PBXBuildFile; fileRef = 5F4581C54A18F52135ADBB60 /* Pods_Messenger.framework */; };
		A55EC7022885614400A3B52E /* LocationPickerViewController.swift in Sources */ = {isa = PBXBuildFile; fileRef = A55EC7012885614400A3B52E /* LocationPickerViewController.swift */; };
		A576A9302840D894002075CD /* AppDelegate.swift in Sources */ = {isa = PBXBuildFile; fileRef = A576A92F2840D894002075CD /* AppDelegate.swift */; };
		A576A9322840D894002075CD /* SceneDelegate.swift in Sources */ = {isa = PBXBuildFile; fileRef = A576A9312840D894002075CD /* SceneDelegate.swift */; };
		A576A9342840D894002075CD /* ConversationsViewController.swift in Sources */ = {isa = PBXBuildFile; fileRef = A576A9332840D894002075CD /* ConversationsViewController.swift */; };
		A576A9372840D894002075CD /* Main.storyboard in Resources */ = {isa = PBXBuildFile; fileRef = A576A9352840D894002075CD /* Main.storyboard */; };
		A576A9392840D896002075CD /* Assets.xcassets in Resources */ = {isa = PBXBuildFile; fileRef = A576A9382840D896002075CD /* Assets.xcassets */; };
		A576A93C2840D896002075CD /* LaunchScreen.storyboard in Resources */ = {isa = PBXBuildFile; fileRef = A576A93A2840D896002075CD /* LaunchScreen.storyboard */; };
		A576A94A2840DF71002075CD /* LoginViewController.swift in Sources */ = {isa = PBXBuildFile; fileRef = A576A9492840DF71002075CD /* LoginViewController.swift */; };
		A576A94C2840DF94002075CD /* RegisterViewController.swift in Sources */ = {isa = PBXBuildFile; fileRef = A576A94B2840DF94002075CD /* RegisterViewController.swift */; };
		A576A94E2840DFC8002075CD /* PhotoViewerViewController.swift in Sources */ = {isa = PBXBuildFile; fileRef = A576A94D2840DFC8002075CD /* PhotoViewerViewController.swift */; };
		A576A9522840E01E002075CD /* NewConversationViewController.swift in Sources */ = {isa = PBXBuildFile; fileRef = A576A9512840E01E002075CD /* NewConversationViewController.swift */; };
		A576A9542840E04B002075CD /* ProfileViewController.swift in Sources */ = {isa = PBXBuildFile; fileRef = A576A9532840E04B002075CD /* ProfileViewController.swift */; };
		A57A12A52860729800DDF15C /* StorageManager.swift in Sources */ = {isa = PBXBuildFile; fileRef = A57A12A42860729800DDF15C /* StorageManager.swift */; };
		A58FB15D2850A12E00EBA860 /* GoogleService-Info.plist in Resources */ = {isa = PBXBuildFile; fileRef = A58FB15C2850A12E00EBA860 /* GoogleService-Info.plist */; };
		A5944745287DDD6F00FD598D /* NewConversationCell.swift in Sources */ = {isa = PBXBuildFile; fileRef = A5944744287DDD6F00FD598D /* NewConversationCell.swift */; };
		A5B423D7284379820002E382 /* Extensions.swift in Sources */ = {isa = PBXBuildFile; fileRef = A5B423D6284379820002E382 /* Extensions.swift */; };
		A5B79183286F50890030C0B5 /* ConversationTableViewCell.swift in Sources */ = {isa = PBXBuildFile; fileRef = A5B79182286F50890030C0B5 /* ConversationTableViewCell.swift */; };
		A5E0B016285DD84B00595039 /* ChatViewController.swift in Sources */ = {isa = PBXBuildFile; fileRef = A5E0B015285DD84B00595039 /* ChatViewController.swift */; };
		A5F7908D28894FF7000E1BBD /* ConversationsModels.swift in Sources */ = {isa = PBXBuildFile; fileRef = A5F7908C28894FF7000E1BBD /* ConversationsModels.swift */; };
		A5F7908F28895235000E1BBD /* ChatModels.swift in Sources */ = {isa = PBXBuildFile; fileRef = A5F7908E28895235000E1BBD /* ChatModels.swift */; };
		A5F79091288952FA000E1BBD /* SearchResult.swift in Sources */ = {isa = PBXBuildFile; fileRef = A5F79090288952FA000E1BBD /* SearchResult.swift */; };
		A5F7909328895371000E1BBD /* ProfileViewModel.swift in Sources */ = {isa = PBXBuildFile; fileRef = A5F7909228895371000E1BBD /* ProfileViewModel.swift */; };
		A5FE7571285226FB00D3BAD7 /* DatabaseManager.swift in Sources */ = {isa = PBXBuildFile; fileRef = A5FE7570285226FB00D3BAD7 /* DatabaseManager.swift */; };
/* End PBXBuildFile section */

/* Begin PBXFileReference section */
		355C1FD27D01EA8708827D2E /* Pods-Messenger.release.xcconfig */ = {isa = PBXFileReference; includeInIndex = 1; lastKnownFileType = text.xcconfig; name = "Pods-Messenger.release.xcconfig"; path = "Target Support Files/Pods-Messenger/Pods-Messenger.release.xcconfig"; sourceTree = "<group>"; };
		5F4581C54A18F52135ADBB60 /* Pods_Messenger.framework */ = {isa = PBXFileReference; explicitFileType = wrapper.framework; includeInIndex = 0; path = Pods_Messenger.framework; sourceTree = BUILT_PRODUCTS_DIR; };
		A55EC7012885614400A3B52E /* LocationPickerViewController.swift */ = {isa = PBXFileReference; lastKnownFileType = sourcecode.swift; path = LocationPickerViewController.swift; sourceTree = "<group>"; };
		A576A92C2840D894002075CD /* Messenger.app */ = {isa = PBXFileReference; explicitFileType = wrapper.application; includeInIndex = 0; path = Messenger.app; sourceTree = BUILT_PRODUCTS_DIR; };
		A576A92F2840D894002075CD /* AppDelegate.swift */ = {isa = PBXFileReference; lastKnownFileType = sourcecode.swift; path = AppDelegate.swift; sourceTree = "<group>"; };
		A576A9312840D894002075CD /* SceneDelegate.swift */ = {isa = PBXFileReference; lastKnownFileType = sourcecode.swift; path = SceneDelegate.swift; sourceTree = "<group>"; };
		A576A9332840D894002075CD /* ConversationsViewController.swift */ = {isa = PBXFileReference; lastKnownFileType = sourcecode.swift; path = ConversationsViewController.swift; sourceTree = "<group>"; };
		A576A9362840D894002075CD /* Base */ = {isa = PBXFileReference; lastKnownFileType = file.storyboard; name = Base; path = Base.lproj/Main.storyboard; sourceTree = "<group>"; };
		A576A9382840D896002075CD /* Assets.xcassets */ = {isa = PBXFileReference; lastKnownFileType = folder.assetcatalog; path = Assets.xcassets; sourceTree = "<group>"; };
		A576A93B2840D896002075CD /* Base */ = {isa = PBXFileReference; lastKnownFileType = file.storyboard; name = Base; path = Base.lproj/LaunchScreen.storyboard; sourceTree = "<group>"; };
		A576A93D2840D896002075CD /* Info.plist */ = {isa = PBXFileReference; lastKnownFileType = text.plist.xml; path = Info.plist; sourceTree = "<group>"; };
		A576A9492840DF71002075CD /* LoginViewController.swift */ = {isa = PBXFileReference; lastKnownFileType = sourcecode.swift; path = LoginViewController.swift; sourceTree = "<group>"; };
		A576A94B2840DF94002075CD /* RegisterViewController.swift */ = {isa = PBXFileReference; lastKnownFileType = sourcecode.swift; path = RegisterViewController.swift; sourceTree = "<group>"; };
		A576A94D2840DFC8002075CD /* PhotoViewerViewController.swift */ = {isa = PBXFileReference; lastKnownFileType = sourcecode.swift; path = PhotoViewerViewController.swift; sourceTree = "<group>"; };
		A576A9512840E01E002075CD /* NewConversationViewController.swift */ = {isa = PBXFileReference; lastKnownFileType = sourcecode.swift; path = NewConversationViewController.swift; sourceTree = "<group>"; };
		A576A9532840E04B002075CD /* ProfileViewController.swift */ = {isa = PBXFileReference; lastKnownFileType = sourcecode.swift; path = ProfileViewController.swift; sourceTree = "<group>"; };
		A57A12A42860729800DDF15C /* StorageManager.swift */ = {isa = PBXFileReference; lastKnownFileType = sourcecode.swift; path = StorageManager.swift; sourceTree = "<group>"; };
		A58FB15C2850A12E00EBA860 /* GoogleService-Info.plist */ = {isa = PBXFileReference; fileEncoding = 4; lastKnownFileType = text.plist.xml; path = "GoogleService-Info.plist"; sourceTree = "<group>"; };
		A5944744287DDD6F00FD598D /* NewConversationCell.swift */ = {isa = PBXFileReference; lastKnownFileType = sourcecode.swift; path = NewConversationCell.swift; sourceTree = "<group>"; };
		A5B423D6284379820002E382 /* Extensions.swift */ = {isa = PBXFileReference; lastKnownFileType = sourcecode.swift; path = Extensions.swift; sourceTree = "<group>"; };
		A5B79182286F50890030C0B5 /* ConversationTableViewCell.swift */ = {isa = PBXFileReference; lastKnownFileType = sourcecode.swift; path = ConversationTableViewCell.swift; sourceTree = "<group>"; };
		A5E0B015285DD84B00595039 /* ChatViewController.swift */ = {isa = PBXFileReference; lastKnownFileType = sourcecode.swift; path = ChatViewController.swift; sourceTree = "<group>"; };
		A5E74DB62874AB7B00C23AEE /* Messenger.entitlements */ = {isa = PBXFileReference; lastKnownFileType = text.plist.entitlements; path = Messenger.entitlements; sourceTree = "<group>"; };
		A5F7908C28894FF7000E1BBD /* ConversationsModels.swift */ = {isa = PBXFileReference; lastKnownFileType = sourcecode.swift; name = ConversationsModels.swift; path = Messenger/ConversationsModels.swift; sourceTree = SOURCE_ROOT; };
		A5F7908E28895235000E1BBD /* ChatModels.swift */ = {isa = PBXFileReference; lastKnownFileType = sourcecode.swift; name = ChatModels.swift; path = Messenger/ChatModels.swift; sourceTree = SOURCE_ROOT; };
		A5F79090288952FA000E1BBD /* SearchResult.swift */ = {isa = PBXFileReference; lastKnownFileType = sourcecode.swift; name = SearchResult.swift; path = Messenger/SearchResult.swift; sourceTree = SOURCE_ROOT; };
		A5F7909228895371000E1BBD /* ProfileViewModel.swift */ = {isa = PBXFileReference; lastKnownFileType = sourcecode.swift; name = ProfileViewModel.swift; path = Messenger/ProfileViewModel.swift; sourceTree = SOURCE_ROOT; };
		A5FE7570285226FB00D3BAD7 /* DatabaseManager.swift */ = {isa = PBXFileReference; lastKnownFileType = sourcecode.swift; path = DatabaseManager.swift; sourceTree = "<group>"; };
		C2A85618D6E78434D5D8C749 /* Pods-Messenger.debug.xcconfig */ = {isa = PBXFileReference; includeInIndex = 1; lastKnownFileType = text.xcconfig; name = "Pods-Messenger.debug.xcconfig"; path = "Target Support Files/Pods-Messenger/Pods-Messenger.debug.xcconfig"; sourceTree = "<group>"; };
/* End PBXFileReference section */

/* Begin PBXFrameworksBuildPhase section */
		A576A9292840D894002075CD /* Frameworks */ = {
			isa = PBXFrameworksBuildPhase;
			buildActionMask = 2147483647;
			files = (
				550A6F307562855ED9B50341 /* Pods_Messenger.framework in Frameworks */,
			);
			runOnlyForDeploymentPostprocessing = 0;
		};
/* End PBXFrameworksBuildPhase section */

/* Begin PBXGroup section */
		244F2F581AC28E12E33B1972 /* Pods */ = {
			isa = PBXGroup;
			children = (
				C2A85618D6E78434D5D8C749 /* Pods-Messenger.debug.xcconfig */,
				355C1FD27D01EA8708827D2E /* Pods-Messenger.release.xcconfig */,
			);
			path = Pods;
			sourceTree = "<group>";
		};
		3D4FF7555B8F17D327D32799 /* Frameworks */ = {
			isa = PBXGroup;
			children = (
				5F4581C54A18F52135ADBB60 /* Pods_Messenger.framework */,
			);
			name = Frameworks;
			sourceTree = "<group>";
		};
		A576A9232840D894002075CD = {
			isa = PBXGroup;
			children = (
				A576A92E2840D894002075CD /* Messenger */,
				A576A92D2840D894002075CD /* Products */,
				244F2F581AC28E12E33B1972 /* Pods */,
				3D4FF7555B8F17D327D32799 /* Frameworks */,
			);
			sourceTree = "<group>";
		};
		A576A92D2840D894002075CD /* Products */ = {
			isa = PBXGroup;
			children = (
				A576A92C2840D894002075CD /* Messenger.app */,
			);
			name = Products;
			sourceTree = "<group>";
		};
		A576A92E2840D894002075CD /* Messenger */ = {
			isa = PBXGroup;
			children = (
				A5E74DB62874AB7B00C23AEE /* Messenger.entitlements */,
				A58FB15C2850A12E00EBA860 /* GoogleService-Info.plist */,
				A576A9472840DC99002075CD /* Resourses */,
				A576A9462840DC84002075CD /* ViewModels */,
				A576A9452840DC73002075CD /* Models */,
				A576A9442840DC68002075CD /* Views */,
				A576A9432840DC5E002075CD /* Controllers */,
				A576A93D2840D896002075CD /* Info.plist */,
			);
			path = Messenger;
			sourceTree = "<group>";
		};
		A576A9432840DC5E002075CD /* Controllers */ = {
			isa = PBXGroup;
			children = (
				A576A9332840D894002075CD /* ConversationsViewController.swift */,
				A5A6081F28427441000B8609 /* Login */,
				A576A94D2840DFC8002075CD /* PhotoViewerViewController.swift */,
				A576A9512840E01E002075CD /* NewConversationViewController.swift */,
				A576A9532840E04B002075CD /* ProfileViewController.swift */,
				A5E0B015285DD84B00595039 /* ChatViewController.swift */,
				A55EC7012885614400A3B52E /* LocationPickerViewController.swift */,
			);
			path = Controllers;
			sourceTree = "<group>";
		};
		A576A9442840DC68002075CD /* Views */ = {
			isa = PBXGroup;
			children = (
				A576A9482840DD07002075CD /* Storyboards */,
				A576A9382840D896002075CD /* Assets.xcassets */,
				A5B79182286F50890030C0B5 /* ConversationTableViewCell.swift */,
				A5944744287DDD6F00FD598D /* NewConversationCell.swift */,
			);
			path = Views;
			sourceTree = "<group>";
		};
		A576A9452840DC73002075CD /* Models */ = {
			isa = PBXGroup;
			children = (
				A5F7908C28894FF7000E1BBD /* ConversationsModels.swift */,
				A5F7908E28895235000E1BBD /* ChatModels.swift */,
				A5F79090288952FA000E1BBD /* SearchResult.swift */,
				A5F7909228895371000E1BBD /* ProfileViewModel.swift */,
			);
			path = Models;
			sourceTree = "<group>";
		};
		A576A9462840DC84002075CD /* ViewModels */ = {
			isa = PBXGroup;
			children = (
			);
			path = ViewModels;
			sourceTree = "<group>";
		};
		A576A9472840DC99002075CD /* Resourses */ = {
			isa = PBXGroup;
			children = (
				A576A92F2840D894002075CD /* AppDelegate.swift */,
				A576A9312840D894002075CD /* SceneDelegate.swift */,
				A5B423D6284379820002E382 /* Extensions.swift */,
				A5FE7570285226FB00D3BAD7 /* DatabaseManager.swift */,
				A57A12A42860729800DDF15C /* StorageManager.swift */,
			);
			path = Resourses;
			sourceTree = "<group>";
		};
		A576A9482840DD07002075CD /* Storyboards */ = {
			isa = PBXGroup;
			children = (
				A576A9352840D894002075CD /* Main.storyboard */,
				A576A93A2840D896002075CD /* LaunchScreen.storyboard */,
			);
			path = Storyboards;
			sourceTree = "<group>";
		};
		A5A6081F28427441000B8609 /* Login */ = {
			isa = PBXGroup;
			children = (
				A576A9492840DF71002075CD /* LoginViewController.swift */,
				A576A94B2840DF94002075CD /* RegisterViewController.swift */,
			);
			path = Login;
			sourceTree = "<group>";
		};
/* End PBXGroup section */

/* Begin PBXNativeTarget section */
		A576A92B2840D894002075CD /* Messenger */ = {
			isa = PBXNativeTarget;
			buildConfigurationList = A576A9402840D896002075CD /* Build configuration list for PBXNativeTarget "Messenger" */;
			buildPhases = (
				88913807DF366B438BFA2709 /* [CP] Check Pods Manifest.lock */,
				A576A9282840D894002075CD /* Sources */,
				A576A9292840D894002075CD /* Frameworks */,
				A576A92A2840D894002075CD /* Resources */,
				0EE28849EAEE4F6B32BC307C /* [CP] Embed Pods Frameworks */,
				554DBEBED0C5C40BD0754FA9 /* [CP] Copy Pods Resources */,
			);
			buildRules = (
			);
			dependencies = (
			);
			name = Messenger;
			productName = Messenger;
			productReference = A576A92C2840D894002075CD /* Messenger.app */;
			productType = "com.apple.product-type.application";
		};
/* End PBXNativeTarget section */

/* Begin PBXProject section */
		A576A9242840D894002075CD /* Project object */ = {
			isa = PBXProject;
			attributes = {
				BuildIndependentTargetsInParallel = 1;
				LastSwiftUpdateCheck = 1320;
				LastUpgradeCheck = 1320;
				TargetAttributes = {
					A576A92B2840D894002075CD = {
						CreatedOnToolsVersion = 13.2.1;
					};
				};
			};
			buildConfigurationList = A576A9272840D894002075CD /* Build configuration list for PBXProject "Messenger" */;
			compatibilityVersion = "Xcode 13.0";
			developmentRegion = en;
			hasScannedForEncodings = 0;
			knownRegions = (
				en,
				Base,
			);
			mainGroup = A576A9232840D894002075CD;
			productRefGroup = A576A92D2840D894002075CD /* Products */;
			projectDirPath = "";
			projectRoot = "";
			targets = (
				A576A92B2840D894002075CD /* Messenger */,
			);
		};
/* End PBXProject section */

/* Begin PBXResourcesBuildPhase section */
		A576A92A2840D894002075CD /* Resources */ = {
			isa = PBXResourcesBuildPhase;
			buildActionMask = 2147483647;
			files = (
				A576A93C2840D896002075CD /* LaunchScreen.storyboard in Resources */,
				A576A9392840D896002075CD /* Assets.xcassets in Resources */,
				A58FB15D2850A12E00EBA860 /* GoogleService-Info.plist in Resources */,
				A576A9372840D894002075CD /* Main.storyboard in Resources */,
			);
			runOnlyForDeploymentPostprocessing = 0;
		};
/* End PBXResourcesBuildPhase section */

/* Begin PBXShellScriptBuildPhase section */
		0EE28849EAEE4F6B32BC307C /* [CP] Embed Pods Frameworks */ = {
			isa = PBXShellScriptBuildPhase;
			buildActionMask = 2147483647;
			files = (
			);
			inputFileListPaths = (
				"${PODS_ROOT}/Target Support Files/Pods-Messenger/Pods-Messenger-frameworks-${CONFIGURATION}-input-files.xcfilelist",
			);
			name = "[CP] Embed Pods Frameworks";
			outputFileListPaths = (
				"${PODS_ROOT}/Target Support Files/Pods-Messenger/Pods-Messenger-frameworks-${CONFIGURATION}-output-files.xcfilelist",
			);
			runOnlyForDeploymentPostprocessing = 0;
			shellPath = /bin/sh;
			shellScript = "\"${PODS_ROOT}/Target Support Files/Pods-Messenger/Pods-Messenger-frameworks.sh\"\n";
			showEnvVarsInLog = 0;
		};
		554DBEBED0C5C40BD0754FA9 /* [CP] Copy Pods Resources */ = {
			isa = PBXShellScriptBuildPhase;
			buildActionMask = 2147483647;
			files = (
			);
			inputFileListPaths = (
				"${PODS_ROOT}/Target Support Files/Pods-Messenger/Pods-Messenger-resources-${CONFIGURATION}-input-files.xcfilelist",
			);
			name = "[CP] Copy Pods Resources";
			outputFileListPaths = (
				"${PODS_ROOT}/Target Support Files/Pods-Messenger/Pods-Messenger-resources-${CONFIGURATION}-output-files.xcfilelist",
			);
			runOnlyForDeploymentPostprocessing = 0;
			shellPath = /bin/sh;
			shellScript = "\"${PODS_ROOT}/Target Support Files/Pods-Messenger/Pods-Messenger-resources.sh\"\n";
			showEnvVarsInLog = 0;
		};
		88913807DF366B438BFA2709 /* [CP] Check Pods Manifest.lock */ = {
			isa = PBXShellScriptBuildPhase;
			buildActionMask = 2147483647;
			files = (
			);
			inputFileListPaths = (
			);
			inputPaths = (
				"${PODS_PODFILE_DIR_PATH}/Podfile.lock",
				"${PODS_ROOT}/Manifest.lock",
			);
			name = "[CP] Check Pods Manifest.lock";
			outputFileListPaths = (
			);
			outputPaths = (
				"$(DERIVED_FILE_DIR)/Pods-Messenger-checkManifestLockResult.txt",
			);
			runOnlyForDeploymentPostprocessing = 0;
			shellPath = /bin/sh;
			shellScript = "diff \"${PODS_PODFILE_DIR_PATH}/Podfile.lock\" \"${PODS_ROOT}/Manifest.lock\" > /dev/null\nif [ $? != 0 ] ; then\n    # print error to STDERR\n    echo \"error: The sandbox is not in sync with the Podfile.lock. Run 'pod install' or update your CocoaPods installation.\" >&2\n    exit 1\nfi\n# This output is used by Xcode 'outputs' to avoid re-running this script phase.\necho \"SUCCESS\" > \"${SCRIPT_OUTPUT_FILE_0}\"\n";
			showEnvVarsInLog = 0;
		};
/* End PBXShellScriptBuildPhase section */

/* Begin PBXSourcesBuildPhase section */
		A576A9282840D894002075CD /* Sources */ = {
			isa = PBXSourcesBuildPhase;
			buildActionMask = 2147483647;
			files = (
				A576A94A2840DF71002075CD /* LoginViewController.swift in Sources */,
				A5F7909328895371000E1BBD /* ProfileViewModel.swift in Sources */,
				A5944745287DDD6F00FD598D /* NewConversationCell.swift in Sources */,
				A5FE7571285226FB00D3BAD7 /* DatabaseManager.swift in Sources */,
				A5F7908F28895235000E1BBD /* ChatModels.swift in Sources */,
				A576A94C2840DF94002075CD /* RegisterViewController.swift in Sources */,
				A576A9522840E01E002075CD /* NewConversationViewController.swift in Sources */,
				A576A9342840D894002075CD /* ConversationsViewController.swift in Sources */,
				A5B423D7284379820002E382 /* Extensions.swift in Sources */,
				A5F79091288952FA000E1BBD /* SearchResult.swift in Sources */,
				A576A9302840D894002075CD /* AppDelegate.swift in Sources */,
				A576A9542840E04B002075CD /* ProfileViewController.swift in Sources */,
				A576A9322840D894002075CD /* SceneDelegate.swift in Sources */,
				A5B79183286F50890030C0B5 /* ConversationTableViewCell.swift in Sources */,
				A5E0B016285DD84B00595039 /* ChatViewController.swift in Sources */,
				A576A94E2840DFC8002075CD /* PhotoViewerViewController.swift in Sources */,
				A57A12A52860729800DDF15C /* StorageManager.swift in Sources */,
				A5F7908D28894FF7000E1BBD /* ConversationsModels.swift in Sources */,
				A55EC7022885614400A3B52E /* LocationPickerViewController.swift in Sources */,
			);
			runOnlyForDeploymentPostprocessing = 0;
		};
/* End PBXSourcesBuildPhase section */

/* Begin PBXVariantGroup section */
		A576A9352840D894002075CD /* Main.storyboard */ = {
			isa = PBXVariantGroup;
			children = (
				A576A9362840D894002075CD /* Base */,
			);
			name = Main.storyboard;
			sourceTree = "<group>";
		};
		A576A93A2840D896002075CD /* LaunchScreen.storyboard */ = {
			isa = PBXVariantGroup;
			children = (
				A576A93B2840D896002075CD /* Base */,
			);
			name = LaunchScreen.storyboard;
			sourceTree = "<group>";
		};
/* End PBXVariantGroup section */

/* Begin XCBuildConfiguration section */
		A576A93E2840D896002075CD /* Debug */ = {
			isa = XCBuildConfiguration;
			buildSettings = {
				ALWAYS_SEARCH_USER_PATHS = NO;
				CLANG_ANALYZER_NONNULL = YES;
				CLANG_ANALYZER_NUMBER_OBJECT_CONVERSION = YES_AGGRESSIVE;
				CLANG_CXX_LANGUAGE_STANDARD = "gnu++17";
				CLANG_CXX_LIBRARY = "libc++";
				CLANG_ENABLE_MODULES = YES;
				CLANG_ENABLE_OBJC_ARC = YES;
				CLANG_ENABLE_OBJC_WEAK = YES;
				CLANG_WARN_BLOCK_CAPTURE_AUTORELEASING = YES;
				CLANG_WARN_BOOL_CONVERSION = YES;
				CLANG_WARN_COMMA = YES;
				CLANG_WARN_CONSTANT_CONVERSION = YES;
				CLANG_WARN_DEPRECATED_OBJC_IMPLEMENTATIONS = YES;
				CLANG_WARN_DIRECT_OBJC_ISA_USAGE = YES_ERROR;
				CLANG_WARN_DOCUMENTATION_COMMENTS = YES;
				CLANG_WARN_EMPTY_BODY = YES;
				CLANG_WARN_ENUM_CONVERSION = YES;
				CLANG_WARN_INFINITE_RECURSION = YES;
				CLANG_WARN_INT_CONVERSION = YES;
				CLANG_WARN_NON_LITERAL_NULL_CONVERSION = YES;
				CLANG_WARN_OBJC_IMPLICIT_RETAIN_SELF = YES;
				CLANG_WARN_OBJC_LITERAL_CONVERSION = YES;
				CLANG_WARN_OBJC_ROOT_CLASS = YES_ERROR;
				CLANG_WARN_QUOTED_INCLUDE_IN_FRAMEWORK_HEADER = YES;
				CLANG_WARN_RANGE_LOOP_ANALYSIS = YES;
				CLANG_WARN_STRICT_PROTOTYPES = YES;
				CLANG_WARN_SUSPICIOUS_MOVE = YES;
				CLANG_WARN_UNGUARDED_AVAILABILITY = YES_AGGRESSIVE;
				CLANG_WARN_UNREACHABLE_CODE = YES;
				CLANG_WARN__DUPLICATE_METHOD_MATCH = YES;
				COPY_PHASE_STRIP = NO;
				DEBUG_INFORMATION_FORMAT = dwarf;
				ENABLE_STRICT_OBJC_MSGSEND = YES;
				ENABLE_TESTABILITY = YES;
				GCC_C_LANGUAGE_STANDARD = gnu11;
				GCC_DYNAMIC_NO_PIC = NO;
				GCC_NO_COMMON_BLOCKS = YES;
				GCC_OPTIMIZATION_LEVEL = 0;
				GCC_PREPROCESSOR_DEFINITIONS = (
					"DEBUG=1",
					"$(inherited)",
				);
				GCC_WARN_64_TO_32_BIT_CONVERSION = YES;
				GCC_WARN_ABOUT_RETURN_TYPE = YES_ERROR;
				GCC_WARN_UNDECLARED_SELECTOR = YES;
				GCC_WARN_UNINITIALIZED_AUTOS = YES_AGGRESSIVE;
				GCC_WARN_UNUSED_FUNCTION = YES;
				GCC_WARN_UNUSED_VARIABLE = YES;
				IPHONEOS_DEPLOYMENT_TARGET = 15.2;
				MTL_ENABLE_DEBUG_INFO = INCLUDE_SOURCE;
				MTL_FAST_MATH = YES;
				ONLY_ACTIVE_ARCH = YES;
				SDKROOT = iphoneos;
				SWIFT_ACTIVE_COMPILATION_CONDITIONS = DEBUG;
				SWIFT_OPTIMIZATION_LEVEL = "-Onone";
			};
			name = Debug;
		};
		A576A93F2840D896002075CD /* Release */ = {
			isa = XCBuildConfiguration;
			buildSettings = {
				ALWAYS_SEARCH_USER_PATHS = NO;
				CLANG_ANALYZER_NONNULL = YES;
				CLANG_ANALYZER_NUMBER_OBJECT_CONVERSION = YES_AGGRESSIVE;
				CLANG_CXX_LANGUAGE_STANDARD = "gnu++17";
				CLANG_CXX_LIBRARY = "libc++";
				CLANG_ENABLE_MODULES = YES;
				CLANG_ENABLE_OBJC_ARC = YES;
				CLANG_ENABLE_OBJC_WEAK = YES;
				CLANG_WARN_BLOCK_CAPTURE_AUTORELEASING = YES;
				CLANG_WARN_BOOL_CONVERSION = YES;
				CLANG_WARN_COMMA = YES;
				CLANG_WARN_CONSTANT_CONVERSION = YES;
				CLANG_WARN_DEPRECATED_OBJC_IMPLEMENTATIONS = YES;
				CLANG_WARN_DIRECT_OBJC_ISA_USAGE = YES_ERROR;
				CLANG_WARN_DOCUMENTATION_COMMENTS = YES;
				CLANG_WARN_EMPTY_BODY = YES;
				CLANG_WARN_ENUM_CONVERSION = YES;
				CLANG_WARN_INFINITE_RECURSION = YES;
				CLANG_WARN_INT_CONVERSION = YES;
				CLANG_WARN_NON_LITERAL_NULL_CONVERSION = YES;
				CLANG_WARN_OBJC_IMPLICIT_RETAIN_SELF = YES;
				CLANG_WARN_OBJC_LITERAL_CONVERSION = YES;
				CLANG_WARN_OBJC_ROOT_CLASS = YES_ERROR;
				CLANG_WARN_QUOTED_INCLUDE_IN_FRAMEWORK_HEADER = YES;
				CLANG_WARN_RANGE_LOOP_ANALYSIS = YES;
				CLANG_WARN_STRICT_PROTOTYPES = YES;
				CLANG_WARN_SUSPICIOUS_MOVE = YES;
				CLANG_WARN_UNGUARDED_AVAILABILITY = YES_AGGRESSIVE;
				CLANG_WARN_UNREACHABLE_CODE = YES;
				CLANG_WARN__DUPLICATE_METHOD_MATCH = YES;
				COPY_PHASE_STRIP = NO;
				DEBUG_INFORMATION_FORMAT = "dwarf-with-dsym";
				ENABLE_NS_ASSERTIONS = NO;
				ENABLE_STRICT_OBJC_MSGSEND = YES;
				GCC_C_LANGUAGE_STANDARD = gnu11;
				GCC_NO_COMMON_BLOCKS = YES;
				GCC_WARN_64_TO_32_BIT_CONVERSION = YES;
				GCC_WARN_ABOUT_RETURN_TYPE = YES_ERROR;
				GCC_WARN_UNDECLARED_SELECTOR = YES;
				GCC_WARN_UNINITIALIZED_AUTOS = YES_AGGRESSIVE;
				GCC_WARN_UNUSED_FUNCTION = YES;
				GCC_WARN_UNUSED_VARIABLE = YES;
				IPHONEOS_DEPLOYMENT_TARGET = 15.2;
				MTL_ENABLE_DEBUG_INFO = NO;
				MTL_FAST_MATH = YES;
				SDKROOT = iphoneos;
				SWIFT_COMPILATION_MODE = wholemodule;
				SWIFT_OPTIMIZATION_LEVEL = "-O";
				VALIDATE_PRODUCT = YES;
			};
			name = Release;
		};
		A576A9412840D896002075CD /* Debug */ = {
			isa = XCBuildConfiguration;
			baseConfigurationReference = C2A85618D6E78434D5D8C749 /* Pods-Messenger.debug.xcconfig */;
			buildSettings = {
				ASSETCATALOG_COMPILER_APPICON_NAME = AppIcon;
				ASSETCATALOG_COMPILER_GLOBAL_ACCENT_COLOR_NAME = AccentColor;
				CODE_SIGN_ENTITLEMENTS = Messenger/Messenger.entitlements;
				CODE_SIGN_STYLE = Automatic;
				CURRENT_PROJECT_VERSION = 1;
				DEVELOPMENT_TEAM = GAKBVLA39K;
				GENERATE_INFOPLIST_FILE = YES;
				INFOPLIST_FILE = Messenger/Info.plist;
				INFOPLIST_KEY_NSCameraUsageDescription = "Please allow access to take a profile picture";
				INFOPLIST_KEY_NSPhotoLibraryAddUsageDescription = "Please allow access to select a photo for your profile";
				INFOPLIST_KEY_UIApplicationSupportsIndirectInputEvents = YES;
				INFOPLIST_KEY_UILaunchStoryboardName = LaunchScreen;
				INFOPLIST_KEY_UIMainStoryboardFile = Main;
				INFOPLIST_KEY_UIRequiredDeviceCapabilities = "\"\"";
				INFOPLIST_KEY_UISupportedInterfaceOrientations = UIInterfaceOrientationPortrait;
				INFOPLIST_KEY_UISupportedInterfaceOrientations_iPad = "UIInterfaceOrientationPortrait UIInterfaceOrientationPortraitUpsideDown UIInterfaceOrientationLandscapeLeft UIInterfaceOrientationLandscapeRight";
				INFOPLIST_KEY_UISupportedInterfaceOrientations_iPhone = "UIInterfaceOrientationPortrait UIInterfaceOrientationLandscapeLeft UIInterfaceOrientationLandscapeRight";
				IPHONEOS_DEPLOYMENT_TARGET = 13.5;
				LD_RUNPATH_SEARCH_PATHS = (
					"$(inherited)",
					"@executable_path/Frameworks",
				);
				MARKETING_VERSION = 1.0;
				PRODUCT_BUNDLE_IDENTIFIER = SergeiKrainov.Messenger;
				PRODUCT_NAME = "$(TARGET_NAME)";
				SWIFT_EMIT_LOC_STRINGS = YES;
				SWIFT_VERSION = 5.0;
				TARGETED_DEVICE_FAMILY = "1,2";
			};
			name = Debug;
		};
		A576A9422840D896002075CD /* Release */ = {
			isa = XCBuildConfiguration;
			baseConfigurationReference = 355C1FD27D01EA8708827D2E /* Pods-Messenger.release.xcconfig */;
			buildSettings = {
				ASSETCATALOG_COMPILER_APPICON_NAME = AppIcon;
				ASSETCATALOG_COMPILER_GLOBAL_ACCENT_COLOR_NAME = AccentColor;
				CODE_SIGN_ENTITLEMENTS = Messenger/Messenger.entitlements;
				CODE_SIGN_STYLE = Automatic;
				CURRENT_PROJECT_VERSION = 1;
				DEVELOPMENT_TEAM = GAKBVLA39K;
				GENERATE_INFOPLIST_FILE = YES;
				INFOPLIST_FILE = Messenger/Info.plist;
				INFOPLIST_KEY_NSCameraUsageDescription = "Please allow access to take a profile picture";
				INFOPLIST_KEY_NSPhotoLibraryAddUsageDescription = "Please allow access to select a photo for your profile";
				INFOPLIST_KEY_UIApplicationSupportsIndirectInputEvents = YES;
				INFOPLIST_KEY_UILaunchStoryboardName = LaunchScreen;
				INFOPLIST_KEY_UIMainStoryboardFile = Main;
				INFOPLIST_KEY_UIRequiredDeviceCapabilities = "\"\"";
				INFOPLIST_KEY_UISupportedInterfaceOrientations = UIInterfaceOrientationPortrait;
				INFOPLIST_KEY_UISupportedInterfaceOrientations_iPad = "UIInterfaceOrientationPortrait UIInterfaceOrientationPortraitUpsideDown UIInterfaceOrientationLandscapeLeft UIInterfaceOrientationLandscapeRight";
				INFOPLIST_KEY_UISupportedInterfaceOrientations_iPhone = "UIInterfaceOrientationPortrait UIInterfaceOrientationLandscapeLeft UIInterfaceOrientationLandscapeRight";
				IPHONEOS_DEPLOYMENT_TARGET = 13.5;
				LD_RUNPATH_SEARCH_PATHS = (
					"$(inherited)",
					"@executable_path/Frameworks",
				);
				MARKETING_VERSION = 1.0;
				PRODUCT_BUNDLE_IDENTIFIER = SergeiKrainov.Messenger;
				PRODUCT_NAME = "$(TARGET_NAME)";
				SWIFT_EMIT_LOC_STRINGS = YES;
				SWIFT_VERSION = 5.0;
				TARGETED_DEVICE_FAMILY = "1,2";
			};
			name = Release;
		};
/* End XCBuildConfiguration section */

/* Begin XCConfigurationList section */
		A576A9272840D894002075CD /* Build configuration list for PBXProject "Messenger" */ = {
			isa = XCConfigurationList;
			buildConfigurations = (
				A576A93E2840D896002075CD /* Debug */,
				A576A93F2840D896002075CD /* Release */,
			);
			defaultConfigurationIsVisible = 0;
			defaultConfigurationName = Release;
		};
		A576A9402840D896002075CD /* Build configuration list for PBXNativeTarget "Messenger" */ = {
			isa = XCConfigurationList;
			buildConfigurations = (
				A576A9412840D896002075CD /* Debug */,
				A576A9422840D896002075CD /* Release */,
			);
			defaultConfigurationIsVisible = 0;
			defaultConfigurationName = Release;
		};
/* End XCConfigurationList section */
	};
	rootObject = A576A9242840D894002075CD /* Project object */;
}
